
Microsoft Visual Studio Solution File, Format Version 12.00
# Visual Studio Version 16
VisualStudioVersion = 16.0.30413.136
MinimumVisualStudioVersion = 10.0.40219.1
Project("{FAE04EC0-301F-11D3-BF4B-00C04F79EFBC}") = "QMS_Utility", "QMS_Utility.csproj", "{BE8AEAAB-CF1C-47C5-A709-2B6CA275503A}"
EndProject
Global
	GlobalSection(SolutionConfigurationPlatforms) = preSolution
		Debug|Any CPU = Debug|Any CPU
		Release|Any CPU = Release|Any CPU
	EndGlobalSection
	GlobalSection(ProjectConfigurationPlatforms) = postSolution
		{BE8AEAAB-CF1C-47C5-A709-2B6CA275503A}.Debug|Any CPU.ActiveCfg = Debug|Any CPU
		{BE8AEAAB-CF1C-47C5-A709-2B6CA275503A}.Debug|Any CPU.Build.0 = Debug|Any CPU
		{BE8AEAAB-CF1C-47C5-A709-2B6CA275503A}.Release|Any CPU.ActiveCfg = Release|Any CPU
		{BE8AEAAB-CF1C-47C5-A709-2B6CA275503A}.Release|Any CPU.Build.0 = Release|Any CPU
	EndGlobalSection
	GlobalSection(SolutionProperties) = preSolution
		HideSolutionNode = FALSE
	EndGlobalSection
	GlobalSection(ExtensibilityGlobals) = postSolution
		SolutionGuid = {BC081383-BAD3-453E-BB62-DA105982CDF2}
	EndGlobalSection
EndGlobal
